
Microsoft Visual Studio Solution File, Format Version 12.00
# Visual Studio Version 16
VisualStudioVersion = 16.0.31911.196
MinimumVisualStudioVersion = 10.0.40219.1
Project("{9A19103F-16F7-4668-BE54-9A1E7A4F7556}") = "APIControleOrçamento", "APIControleOrçamento\APIControleOrçamento.csproj", "{D9616C4C-F350-4689-A647-FCF6BB3E5AF0}"
EndProject
Project("{FAE04EC0-301F-11D3-BF4B-00C04F79EFBC}") = "WebApplication1", "WebApplication1\WebApplication1.csproj", "{739EADE1-0AB0-43DF-BE22-D8EA42844B21}"
EndProject
Global
	GlobalSection(SolutionConfigurationPlatforms) = preSolution
		Debug|Any CPU = Debug|Any CPU
		Release|Any CPU = Release|Any CPU
	EndGlobalSection
	GlobalSection(ProjectConfigurationPlatforms) = postSolution
		{D9616C4C-F350-4689-A647-FCF6BB3E5AF0}.Debug|Any CPU.ActiveCfg = Debug|Any CPU
		{D9616C4C-F350-4689-A647-FCF6BB3E5AF0}.Debug|Any CPU.Build.0 = Debug|Any CPU
		{D9616C4C-F350-4689-A647-FCF6BB3E5AF0}.Release|Any CPU.ActiveCfg = Release|Any CPU
		{D9616C4C-F350-4689-A647-FCF6BB3E5AF0}.Release|Any CPU.Build.0 = Release|Any CPU
		{739EADE1-0AB0-43DF-BE22-D8EA42844B21}.Debug|Any CPU.ActiveCfg = Debug|Any CPU
		{739EADE1-0AB0-43DF-BE22-D8EA42844B21}.Debug|Any CPU.Build.0 = Debug|Any CPU
		{739EADE1-0AB0-43DF-BE22-D8EA42844B21}.Release|Any CPU.ActiveCfg = Release|Any CPU
		{739EADE1-0AB0-43DF-BE22-D8EA42844B21}.Release|Any CPU.Build.0 = Release|Any CPU
	EndGlobalSection
	GlobalSection(SolutionProperties) = preSolution
		HideSolutionNode = FALSE
	EndGlobalSection
	GlobalSection(ExtensibilityGlobals) = postSolution
		SolutionGuid = {38DC977A-6E65-4FA9-B538-DC2E5FA1B7F3}
	EndGlobalSection
EndGlobal
